
Microsoft Visual Studio Solution File, Format Version 12.00
# Visual Studio 15
VisualStudioVersion = 15.0.28307.1022
MinimumVisualStudioVersion = 10.0.40219.1
Project("{FAE04EC0-301F-11D3-BF4B-00C04F79EFBC}") = "E-Commerce.MvcWebUI", "E-Commerce.MvcWebUI\E-Commerce.MvcWebUI.csproj", "{31A25F1D-66DF-4DD4-9C41-93283A413857}"
EndProject
Global
	GlobalSection(SolutionConfigurationPlatforms) = preSolution
		Debug|Any CPU = Debug|Any CPU
		Release|Any CPU = Release|Any CPU
	EndGlobalSection
	GlobalSection(ProjectConfigurationPlatforms) = postSolution
		{31A25F1D-66DF-4DD4-9C41-93283A413857}.Debug|Any CPU.ActiveCfg = Debug|Any CPU
		{31A25F1D-66DF-4DD4-9C41-93283A413857}.Debug|Any CPU.Build.0 = Debug|Any CPU
		{31A25F1D-66DF-4DD4-9C41-93283A413857}.Release|Any CPU.ActiveCfg = Release|Any CPU
		{31A25F1D-66DF-4DD4-9C41-93283A413857}.Release|Any CPU.Build.0 = Release|Any CPU
	EndGlobalSection
	GlobalSection(SolutionProperties) = preSolution
		HideSolutionNode = FALSE
	EndGlobalSection
	GlobalSection(ExtensibilityGlobals) = postSolution
		SolutionGuid = {C93B1DC4-4378-4757-BF2C-B4D18AA1648F}
	EndGlobalSection
EndGlobal
